
Microsoft Visual Studio Solution File, Format Version 12.00
# Visual Studio Version 17
VisualStudioVersion = 17.9.34622.214
MinimumVisualStudioVersion = 10.0.40219.1
Project("{9A19103F-16F7-4668-BE54-9A1E7A4F7556}") = "ErrorWarningFilter", "ErrorWarningFilter.csproj", "{AB10E57F-2436-4313-BC54-08F70F169FCC}"
EndProject
Project("{FAE04EC0-301F-11D3-BF4B-00C04F79EFBC}") = "TestProject1", "..\TestProject1\TestProject1.csproj", "{36497AA9-3F12-4F0A-A81D-C8CFA383C435}"
EndProject
Global
	GlobalSection(SolutionConfigurationPlatforms) = preSolution
		Debug|Any CPU = Debug|Any CPU
		Release|Any CPU = Release|Any CPU
	EndGlobalSection
	GlobalSection(ProjectConfigurationPlatforms) = postSolution
		{AB10E57F-2436-4313-BC54-08F70F169FCC}.Debug|Any CPU.ActiveCfg = Debug|Any CPU
		{AB10E57F-2436-4313-BC54-08F70F169FCC}.Debug|Any CPU.Build.0 = Debug|Any CPU
		{AB10E57F-2436-4313-BC54-08F70F169FCC}.Release|Any CPU.ActiveCfg = Release|Any CPU
		{AB10E57F-2436-4313-BC54-08F70F169FCC}.Release|Any CPU.Build.0 = Release|Any CPU
		{36497AA9-3F12-4F0A-A81D-C8CFA383C435}.Debug|Any CPU.ActiveCfg = Debug|Any CPU
		{36497AA9-3F12-4F0A-A81D-C8CFA383C435}.Debug|Any CPU.Build.0 = Debug|Any CPU
		{36497AA9-3F12-4F0A-A81D-C8CFA383C435}.Release|Any CPU.ActiveCfg = Release|Any CPU
		{36497AA9-3F12-4F0A-A81D-C8CFA383C435}.Release|Any CPU.Build.0 = Release|Any CPU
	EndGlobalSection
	GlobalSection(SolutionProperties) = preSolution
		HideSolutionNode = FALSE
	EndGlobalSection
	GlobalSection(ExtensibilityGlobals) = postSolution
		SolutionGuid = {EAB7739F-9168-46AB-81C4-9FB384CCD652}
	EndGlobalSection
EndGlobal
